
Microsoft Visual Studio Solution File, Format Version 12.00
# Visual Studio Version 17
VisualStudioVersion = 17.6.33723.286
MinimumVisualStudioVersion = 10.0.40219.1
Project("{FAE04EC0-301F-11D3-BF4B-00C04F79EFBC}") = "Zadanie 1", "Zadanie 1\Zadanie 1.csproj", "{02E049AB-8A03-4BDA-AC5B-DCB72710878B}"
EndProject
Global
	GlobalSection(SolutionConfigurationPlatforms) = preSolution
		Debug|Any CPU = Debug|Any CPU
		Release|Any CPU = Release|Any CPU
	EndGlobalSection
	GlobalSection(ProjectConfigurationPlatforms) = postSolution
		{02E049AB-8A03-4BDA-AC5B-DCB72710878B}.Debug|Any CPU.ActiveCfg = Debug|Any CPU
		{02E049AB-8A03-4BDA-AC5B-DCB72710878B}.Debug|Any CPU.Build.0 = Debug|Any CPU
		{02E049AB-8A03-4BDA-AC5B-DCB72710878B}.Release|Any CPU.ActiveCfg = Release|Any CPU
		{02E049AB-8A03-4BDA-AC5B-DCB72710878B}.Release|Any CPU.Build.0 = Release|Any CPU
	EndGlobalSection
	GlobalSection(SolutionProperties) = preSolution
		HideSolutionNode = FALSE
	EndGlobalSection
	GlobalSection(ExtensibilityGlobals) = postSolution
		SolutionGuid = {A3C3618E-941F-48B0-95C3-08BA75E84D8D}
	EndGlobalSection
EndGlobal
