
Microsoft Visual Studio Solution File, Format Version 12.00
# Visual Studio Version 17
VisualStudioVersion = 17.6.33723.286
MinimumVisualStudioVersion = 10.0.40219.1
Project("{FAE04EC0-301F-11D3-BF4B-00C04F79EFBC}") = "Zadanie 3", "Zadanie 3\Zadanie 3.csproj", "{72FF6B6D-AE25-49BC-9945-CE881BE6E8BD}"
EndProject
Global
	GlobalSection(SolutionConfigurationPlatforms) = preSolution
		Debug|Any CPU = Debug|Any CPU
		Release|Any CPU = Release|Any CPU
	EndGlobalSection
	GlobalSection(ProjectConfigurationPlatforms) = postSolution
		{72FF6B6D-AE25-49BC-9945-CE881BE6E8BD}.Debug|Any CPU.ActiveCfg = Debug|Any CPU
		{72FF6B6D-AE25-49BC-9945-CE881BE6E8BD}.Debug|Any CPU.Build.0 = Debug|Any CPU
		{72FF6B6D-AE25-49BC-9945-CE881BE6E8BD}.Release|Any CPU.ActiveCfg = Release|Any CPU
		{72FF6B6D-AE25-49BC-9945-CE881BE6E8BD}.Release|Any CPU.Build.0 = Release|Any CPU
	EndGlobalSection
	GlobalSection(SolutionProperties) = preSolution
		HideSolutionNode = FALSE
	EndGlobalSection
	GlobalSection(ExtensibilityGlobals) = postSolution
		SolutionGuid = {9214C83F-3429-4F79-BA0B-81192A1DD8B4}
	EndGlobalSection
EndGlobal
